
Microsoft Visual Studio Solution File, Format Version 12.00
# Visual Studio 14
VisualStudioVersion = 14.0.25123.0
MinimumVisualStudioVersion = 10.0.40219.1
Project("{E24C65DC-7377-472B-9ABA-BC803B73C61A}") = "SAFIRD", ".", "{A83866B3-EB25-4738-9F43-D2C43B3A374A}"
	ProjectSection(WebsiteProperties) = preProject
		TargetFrameworkMoniker = ".NETFramework,Version%3Dv4.0"
		Debug.AspNetCompiler.VirtualPath = "/localhost_23568"
		Debug.AspNetCompiler.PhysicalPath = "..\SAFIRD\"
		Debug.AspNetCompiler.TargetPath = "PrecompiledWeb\localhost_23568\"
		Debug.AspNetCompiler.Updateable = "true"
		Debug.AspNetCompiler.ForceOverwrite = "true"
		Debug.AspNetCompiler.FixedNames = "false"
		Debug.AspNetCompiler.Debug = "True"
		Release.AspNetCompiler.VirtualPath = "/localhost_23568"
		Release.AspNetCompiler.PhysicalPath = "..\SAFIRD\"
		Release.AspNetCompiler.TargetPath = "PrecompiledWeb\localhost_23568\"
		Release.AspNetCompiler.Updateable = "true"
		Release.AspNetCompiler.ForceOverwrite = "true"
		Release.AspNetCompiler.FixedNames = "false"
		Release.AspNetCompiler.Debug = "False"
		VWDPort = "23568"
		SlnRelativePath = "..\SAFIRD\"
	EndProjectSection
EndProject
Global
	GlobalSection(SolutionConfigurationPlatforms) = preSolution
		Debug|Any CPU = Debug|Any CPU
	EndGlobalSection
	GlobalSection(ProjectConfigurationPlatforms) = postSolution
		{A83866B3-EB25-4738-9F43-D2C43B3A374A}.Debug|Any CPU.ActiveCfg = Debug|Any CPU
		{A83866B3-EB25-4738-9F43-D2C43B3A374A}.Debug|Any CPU.Build.0 = Debug|Any CPU
	EndGlobalSection
	GlobalSection(SolutionProperties) = preSolution
		HideSolutionNode = FALSE
	EndGlobalSection
EndGlobal
